
Microsoft Visual Studio Solution File, Format Version 11.00
# Visual Studio 2010
Project("{FAE04EC0-301F-11D3-BF4B-00C04F79EFBC}") = "AutomationTest", "AutomationTest\AutomationTest.csproj", "{FB4D3D15-7696-4905-B352-290F0C29D224}"
EndProject
Project("{FAE04EC0-301F-11D3-BF4B-00C04F79EFBC}") = "Driver", "CoreEngine\Driver.csproj", "{910776C3-E0A6-4E2A-8DB4-73B6E6705D77}"
EndProject
Project("{FAE04EC0-301F-11D3-BF4B-00C04F79EFBC}") = "SupportLibrary", "SupportLibrary\SupportLibrary.csproj", "{3CBFA99A-4A6A-4940-88D1-BB476342EF49}"
EndProject
Project("{FAE04EC0-301F-11D3-BF4B-00C04F79EFBC}") = "Release", "Release\Release.csproj", "{250F1253-B392-4452-BDFA-985133D689C2}"
EndProject
Global
	GlobalSection(SolutionConfigurationPlatforms) = preSolution
		Debug|Any CPU = Debug|Any CPU
		Debug|Mixed Platforms = Debug|Mixed Platforms
		Debug|x86 = Debug|x86
		Release|Any CPU = Release|Any CPU
		Release|Mixed Platforms = Release|Mixed Platforms
		Release|x86 = Release|x86
	EndGlobalSection
	GlobalSection(ProjectConfigurationPlatforms) = postSolution
		{FB4D3D15-7696-4905-B352-290F0C29D224}.Debug|Any CPU.ActiveCfg = Debug|x86
		{FB4D3D15-7696-4905-B352-290F0C29D224}.Debug|Mixed Platforms.ActiveCfg = Debug|x86
		{FB4D3D15-7696-4905-B352-290F0C29D224}.Debug|Mixed Platforms.Build.0 = Debug|x86
		{FB4D3D15-7696-4905-B352-290F0C29D224}.Debug|x86.ActiveCfg = Debug|x86
		{FB4D3D15-7696-4905-B352-290F0C29D224}.Debug|x86.Build.0 = Debug|x86
		{FB4D3D15-7696-4905-B352-290F0C29D224}.Release|Any CPU.ActiveCfg = Release|x86
		{FB4D3D15-7696-4905-B352-290F0C29D224}.Release|Mixed Platforms.ActiveCfg = Release|x86
		{FB4D3D15-7696-4905-B352-290F0C29D224}.Release|Mixed Platforms.Build.0 = Release|x86
		{FB4D3D15-7696-4905-B352-290F0C29D224}.Release|x86.ActiveCfg = Release|x86
		{FB4D3D15-7696-4905-B352-290F0C29D224}.Release|x86.Build.0 = Release|x86
		{910776C3-E0A6-4E2A-8DB4-73B6E6705D77}.Debug|Any CPU.ActiveCfg = Debug|Any CPU
		{910776C3-E0A6-4E2A-8DB4-73B6E6705D77}.Debug|Any CPU.Build.0 = Debug|Any CPU
		{910776C3-E0A6-4E2A-8DB4-73B6E6705D77}.Debug|Mixed Platforms.ActiveCfg = Debug|Any CPU
		{910776C3-E0A6-4E2A-8DB4-73B6E6705D77}.Debug|Mixed Platforms.Build.0 = Debug|Any CPU
		{910776C3-E0A6-4E2A-8DB4-73B6E6705D77}.Debug|x86.ActiveCfg = Debug|Any CPU
		{910776C3-E0A6-4E2A-8DB4-73B6E6705D77}.Release|Any CPU.ActiveCfg = Release|Any CPU
		{910776C3-E0A6-4E2A-8DB4-73B6E6705D77}.Release|Any CPU.Build.0 = Release|Any CPU
		{910776C3-E0A6-4E2A-8DB4-73B6E6705D77}.Release|Mixed Platforms.ActiveCfg = Release|Any CPU
		{910776C3-E0A6-4E2A-8DB4-73B6E6705D77}.Release|Mixed Platforms.Build.0 = Release|Any CPU
		{910776C3-E0A6-4E2A-8DB4-73B6E6705D77}.Release|x86.ActiveCfg = Release|Any CPU
		{3CBFA99A-4A6A-4940-88D1-BB476342EF49}.Debug|Any CPU.ActiveCfg = Debug|Any CPU
		{3CBFA99A-4A6A-4940-88D1-BB476342EF49}.Debug|Any CPU.Build.0 = Debug|Any CPU
		{3CBFA99A-4A6A-4940-88D1-BB476342EF49}.Debug|Mixed Platforms.ActiveCfg = Debug|Any CPU
		{3CBFA99A-4A6A-4940-88D1-BB476342EF49}.Debug|Mixed Platforms.Build.0 = Debug|Any CPU
		{3CBFA99A-4A6A-4940-88D1-BB476342EF49}.Debug|x86.ActiveCfg = Debug|Any CPU
		{3CBFA99A-4A6A-4940-88D1-BB476342EF49}.Release|Any CPU.ActiveCfg = Release|Any CPU
		{3CBFA99A-4A6A-4940-88D1-BB476342EF49}.Release|Any CPU.Build.0 = Release|Any CPU
		{3CBFA99A-4A6A-4940-88D1-BB476342EF49}.Release|Mixed Platforms.ActiveCfg = Release|Any CPU
		{3CBFA99A-4A6A-4940-88D1-BB476342EF49}.Release|Mixed Platforms.Build.0 = Release|Any CPU
		{3CBFA99A-4A6A-4940-88D1-BB476342EF49}.Release|x86.ActiveCfg = Release|Any CPU
		{250F1253-B392-4452-BDFA-985133D689C2}.Debug|Any CPU.ActiveCfg = Debug|x86
		{250F1253-B392-4452-BDFA-985133D689C2}.Debug|Mixed Platforms.ActiveCfg = Debug|x86
		{250F1253-B392-4452-BDFA-985133D689C2}.Debug|Mixed Platforms.Build.0 = Debug|x86
		{250F1253-B392-4452-BDFA-985133D689C2}.Debug|x86.ActiveCfg = Debug|x86
		{250F1253-B392-4452-BDFA-985133D689C2}.Debug|x86.Build.0 = Debug|x86
		{250F1253-B392-4452-BDFA-985133D689C2}.Release|Any CPU.ActiveCfg = Release|x86
		{250F1253-B392-4452-BDFA-985133D689C2}.Release|Mixed Platforms.ActiveCfg = Release|x86
		{250F1253-B392-4452-BDFA-985133D689C2}.Release|Mixed Platforms.Build.0 = Release|x86
		{250F1253-B392-4452-BDFA-985133D689C2}.Release|x86.ActiveCfg = Release|x86
		{250F1253-B392-4452-BDFA-985133D689C2}.Release|x86.Build.0 = Release|x86
	EndGlobalSection
	GlobalSection(SolutionProperties) = preSolution
		HideSolutionNode = FALSE
	EndGlobalSection
EndGlobal
